Microsoft Visual Studio Solution File, Format Version 12.00
# Visual Studio 2012
Project("{FAE04EC0-301F-11D3-BF4B-00C04F79EFBC}") = "Mine Sweeper 2", "Mine Sweeper 2.csproj", "{F55F1F35-8CB5-414F-B551-1380D69CEF1D}"
EndProject
Global
	GlobalSection(SolutionConfigurationPlatforms) = preSolution
	Debug|Any CPU = Debug|Any CPU
	ExportDebug|Any CPU = ExportDebug|Any CPU
	ExportRelease|Any CPU = ExportRelease|Any CPU
	EndGlobalSection
	GlobalSection(ProjectConfigurationPlatforms) = postSolution
		{F55F1F35-8CB5-414F-B551-1380D69CEF1D}.Debug|Any CPU.ActiveCfg = Debug|Any CPU
		{F55F1F35-8CB5-414F-B551-1380D69CEF1D}.Debug|Any CPU.Build.0 = Debug|Any CPU
		{F55F1F35-8CB5-414F-B551-1380D69CEF1D}.ExportDebug|Any CPU.ActiveCfg = ExportDebug|Any CPU
		{F55F1F35-8CB5-414F-B551-1380D69CEF1D}.ExportDebug|Any CPU.Build.0 = ExportDebug|Any CPU
		{F55F1F35-8CB5-414F-B551-1380D69CEF1D}.ExportRelease|Any CPU.ActiveCfg = ExportRelease|Any CPU
		{F55F1F35-8CB5-414F-B551-1380D69CEF1D}.ExportRelease|Any CPU.Build.0 = ExportRelease|Any CPU
	EndGlobalSection
EndGlobal
